
Microsoft Visual Studio Solution File, Format Version 12.00
# Visual Studio Version 17
VisualStudioVersion = 17.14.36623.8 d17.14
MinimumVisualStudioVersion = 10.0.40219.1
Project("{FAE04EC0-301F-11D3-BF4B-00C04F79EFBC}") = "TorrentProject", "TorrentProject.csproj", "{F52A54EC-8337-4AC2-BAB4-BC9FA814D404}"
EndProject
Global
	GlobalSection(SolutionConfigurationPlatforms) = preSolution
		Debug|Any CPU = Debug|Any CPU
		Release|Any CPU = Release|Any CPU
	EndGlobalSection
	GlobalSection(ProjectConfigurationPlatforms) = postSolution
		{F52A54EC-8337-4AC2-BAB4-BC9FA814D404}.Debug|Any CPU.ActiveCfg = Debug|Any CPU
		{F52A54EC-8337-4AC2-BAB4-BC9FA814D404}.Debug|Any CPU.Build.0 = Debug|Any CPU
		{F52A54EC-8337-4AC2-BAB4-BC9FA814D404}.Release|Any CPU.ActiveCfg = Release|Any CPU
		{F52A54EC-8337-4AC2-BAB4-BC9FA814D404}.Release|Any CPU.Build.0 = Release|Any CPU
	EndGlobalSection
	GlobalSection(SolutionProperties) = preSolution
		HideSolutionNode = FALSE
	EndGlobalSection
	GlobalSection(ExtensibilityGlobals) = postSolution
		SolutionGuid = {A10524FE-B0BA-47EE-BB75-B5635F0BC98A}
	EndGlobalSection
EndGlobal
